
Microsoft Visual Studio Solution File, Format Version 12.00
# Visual Studio 15
VisualStudioVersion = 15.0.28307.329
MinimumVisualStudioVersion = 10.0.40219.1
Project("{FAE04EC0-301F-11D3-BF4B-00C04F79EFBC}") = "DinoEscape", "DinoEscape\DinoEscape.csproj", "{AD6C1EA6-F760-41A9-B3D5-5B493ABD9E78}"
EndProject
Global
	GlobalSection(SolutionConfigurationPlatforms) = preSolution
		Debug|x86 = Debug|x86
		Release|x86 = Release|x86
	EndGlobalSection
	GlobalSection(ProjectConfigurationPlatforms) = postSolution
		{AD6C1EA6-F760-41A9-B3D5-5B493ABD9E78}.Debug|x86.ActiveCfg = Debug|x86
		{AD6C1EA6-F760-41A9-B3D5-5B493ABD9E78}.Debug|x86.Build.0 = Debug|x86
		{AD6C1EA6-F760-41A9-B3D5-5B493ABD9E78}.Release|x86.ActiveCfg = Release|x86
		{AD6C1EA6-F760-41A9-B3D5-5B493ABD9E78}.Release|x86.Build.0 = Release|x86
	EndGlobalSection
	GlobalSection(SolutionProperties) = preSolution
		HideSolutionNode = FALSE
	EndGlobalSection
	GlobalSection(ExtensibilityGlobals) = postSolution
		SolutionGuid = {32FCEFB5-EDE4-492A-91FB-32C082D1F7B9}
	EndGlobalSection
EndGlobal
